Microsoft Visual Studio Solution File, Format Version 12.00
# Visual Studio Version 17
VisualStudioVersion = 17.5.2.0
MinimumVisualStudioVersion = 10.0.40219.1
Project("{FAE04EC0-301F-11D3-BF4B-00C04F79EFBC}") = "EXAMPLE_001", "EXAMPLE_001\EXAMPLE_001.csproj", "{5AABA9D4-7807-FB7D-9F7B-E853301C78A3}"
EndProject
Global
	GlobalSection(SolutionConfigurationPlatforms) = preSolution
		Debug|Any CPU = Debug|Any CPU
		Release|Any CPU = Release|Any CPU
	EndGlobalSection
	GlobalSection(ProjectConfigurationPlatforms) = postSolution
		{5AABA9D4-7807-FB7D-9F7B-E853301C78A3}.Debug|Any CPU.ActiveCfg = Debug|Any CPU
		{5AABA9D4-7807-FB7D-9F7B-E853301C78A3}.Debug|Any CPU.Build.0 = Debug|Any CPU
		{5AABA9D4-7807-FB7D-9F7B-E853301C78A3}.Release|Any CPU.ActiveCfg = Release|Any CPU
		{5AABA9D4-7807-FB7D-9F7B-E853301C78A3}.Release|Any CPU.Build.0 = Release|Any CPU
	EndGlobalSection
	GlobalSection(SolutionProperties) = preSolution
		HideSolutionNode = FALSE
	EndGlobalSection
	GlobalSection(ExtensibilityGlobals) = postSolution
		SolutionGuid = {17482BC7-1CB8-428D-9572-A3D279595A86}
	EndGlobalSection
EndGlobal
