Microsoft Visual Studio Solution File, Format Version 12.00
# Visual Studio Version 17
VisualStudioVersion = 17.5.2.0
MinimumVisualStudioVersion = 10.0.40219.1
Project("{FAE04EC0-301F-11D3-BF4B-00C04F79EFBC}") = "ZADACHA_002", "ZADACHA_002\ZADACHA_002.csproj", "{7EB6D947-9AAF-B325-80F9-3C7033B9FEA9}"
EndProject
Project("{FAE04EC0-301F-11D3-BF4B-00C04F79EFBC}") = "ZADACHA_001", "ZADACHA_001\ZADACHA_001.csproj", "{C8D75922-832B-80CE-AC33-68CD30120599}"
EndProject
Global
	GlobalSection(SolutionConfigurationPlatforms) = preSolution
		Debug|Any CPU = Debug|Any CPU
		Release|Any CPU = Release|Any CPU
	EndGlobalSection
	GlobalSection(ProjectConfigurationPlatforms) = postSolution
		{7EB6D947-9AAF-B325-80F9-3C7033B9FEA9}.Debug|Any CPU.ActiveCfg = Debug|Any CPU
		{7EB6D947-9AAF-B325-80F9-3C7033B9FEA9}.Debug|Any CPU.Build.0 = Debug|Any CPU
		{7EB6D947-9AAF-B325-80F9-3C7033B9FEA9}.Release|Any CPU.ActiveCfg = Release|Any CPU
		{7EB6D947-9AAF-B325-80F9-3C7033B9FEA9}.Release|Any CPU.Build.0 = Release|Any CPU
		{C8D75922-832B-80CE-AC33-68CD30120599}.Debug|Any CPU.ActiveCfg = Debug|Any CPU
		{C8D75922-832B-80CE-AC33-68CD30120599}.Debug|Any CPU.Build.0 = Debug|Any CPU
		{C8D75922-832B-80CE-AC33-68CD30120599}.Release|Any CPU.ActiveCfg = Release|Any CPU
		{C8D75922-832B-80CE-AC33-68CD30120599}.Release|Any CPU.Build.0 = Release|Any CPU
	EndGlobalSection
	GlobalSection(SolutionProperties) = preSolution
		HideSolutionNode = FALSE
	EndGlobalSection
	GlobalSection(ExtensibilityGlobals) = postSolution
		SolutionGuid = {BBCEDC5D-A4C3-4A88-B73E-FE4DE65F51DE}
	EndGlobalSection
EndGlobal
